// !$*UTF8*$!
{
	archiveVersion = 1;
	classes = {
	};
	objectVersion = 56;
	objects = {

/* Begin PBXBuildFile section */
		0202A4102A142D2800055DCC /* Model.swift in Sources */ = {isa = PBXBuildFile; fileRef = 0202A40F2A142D2800055DCC /* Model.swift */; };
		0202A4132A142D3B00055DCC /* HomeChartView.swift in Sources */ = {isa = PBXBuildFile; fileRef = 0202A4112A142D3B00055DCC /* HomeChartView.swift */; };
		0202A4142A142D3B00055DCC /* BarGraphView.swift in Sources */ = {isa = PBXBuildFile; fileRef = 0202A4122A142D3B00055DCC /* BarGraphView.swift */; };
		027DB3262A08287A00DD0D8B /* Lottie in Frameworks */ = {isa = PBXBuildFile; productRef = 027DB3252A08287A00DD0D8B /* Lottie */; };
		027DB32C2A0829E000DD0D8B /* Tab.swift in Sources */ = {isa = PBXBuildFile; fileRef = 027DB32A2A0829E000DD0D8B /* Tab.swift */; };
		027DB32D2A0829E000DD0D8B /* AnimatedIcons.swift in Sources */ = {isa = PBXBuildFile; fileRef = 027DB32B2A0829E000DD0D8B /* AnimatedIcons.swift */; };
		027DB3302A082A0400DD0D8B /* MainView.swift in Sources */ = {isa = PBXBuildFile; fileRef = 027DB32E2A082A0300DD0D8B /* MainView.swift */; };
		027DB3312A082A0400DD0D8B /* ResizableLottieView.swift in Sources */ = {isa = PBXBuildFile; fileRef = 027DB32F2A082A0400DD0D8B /* ResizableLottieView.swift */; };
		027DB3372A082A8700DD0D8B /* hover-cog-1.json in Resources */ = {isa = PBXBuildFile; fileRef = 027DB3332A082A8600DD0D8B /* hover-cog-1.json */; };
		027DB3382A082A8700DD0D8B /* hover-analytics.json in Resources */ = {isa = PBXBuildFile; fileRef = 027DB3342A082A8600DD0D8B /* hover-analytics.json */; };
		027DB3392A082A8700DD0D8B /* hover-bell.json in Resources */ = {isa = PBXBuildFile; fileRef = 027DB3352A082A8600DD0D8B /* hover-bell.json */; };
		027DB33A2A082A8700DD0D8B /* hover-home-2-solid.json in Resources */ = {isa = PBXBuildFile; fileRef = 027DB3362A082A8600DD0D8B /* hover-home-2-solid.json */; };
		027DB33C2A0838F400DD0D8B /* SousCompte.swift in Sources */ = {isa = PBXBuildFile; fileRef = 027DB33B2A0838F400DD0D8B /* SousCompte.swift */; };
		027DB33F2A08390900DD0D8B /* TransactionViewModel.swift in Sources */ = {isa = PBXBuildFile; fileRef = 027DB33D2A08390900DD0D8B /* TransactionViewModel.swift */; };
		027DB3402A08390900DD0D8B /* ExpenseViewModel.swift in Sources */ = {isa = PBXBuildFile; fileRef = 027DB33E2A08390900DD0D8B /* ExpenseViewModel.swift */; };
		027DB34E2A08399700DD0D8B /* TransactionCarView.swift in Sources */ = {isa = PBXBuildFile; fileRef = 027DB3432A08399700DD0D8B /* TransactionCarView.swift */; };
		027DB34F2A08399700DD0D8B /* ReelTransactionView.swift in Sources */ = {isa = PBXBuildFile; fileRef = 027DB3442A08399700DD0D8B /* ReelTransactionView.swift */; };
		027DB3502A08399700DD0D8B /* FilteredDetailView.swift in Sources */ = {isa = PBXBuildFile; fileRef = 027DB3452A08399700DD0D8B /* FilteredDetailView.swift */; };
		027DB3512A08399700DD0D8B /* ListExpenseView.swift in Sources */ = {isa = PBXBuildFile; fileRef = 027DB3462A08399700DD0D8B /* ListExpenseView.swift */; };
		027DB3522A08399700DD0D8B /* HomeTrackerView.swift in Sources */ = {isa = PBXBuildFile; fileRef = 027DB3472A08399700DD0D8B /* HomeTrackerView.swift */; };
		027DB3532A08399700DD0D8B /* FormExpensesView.swift in Sources */ = {isa = PBXBuildFile; fileRef = 027DB3482A08399700DD0D8B /* FormExpensesView.swift */; };
		027DB3542A08399700DD0D8B /* ExpenseCard.swift in Sources */ = {isa = PBXBuildFile; fileRef = 027DB3492A08399700DD0D8B /* ExpenseCard.swift */; };
		027DB3552A08399700DD0D8B /* GridBudgetView.swift in Sources */ = {isa = PBXBuildFile; fileRef = 027DB34A2A08399700DD0D8B /* GridBudgetView.swift */; };
		027DB3562A08399700DD0D8B /* FabButtonComponent.swift in Sources */ = {isa = PBXBuildFile; fileRef = 027DB34B2A08399700DD0D8B /* FabButtonComponent.swift */; };
		027DB3572A08399700DD0D8B /* NewExpenseView.swift in Sources */ = {isa = PBXBuildFile; fileRef = 027DB34C2A08399700DD0D8B /* NewExpenseView.swift */; };
		027DB3582A08399700DD0D8B /* DetailsBudgetWithTransaction.swift in Sources */ = {isa = PBXBuildFile; fileRef = 027DB34D2A08399700DD0D8B /* DetailsBudgetWithTransaction.swift */; };
		02C0917D2A00202F002E9A2B /* ExpensesTrackerOtpAuthApp.swift in Sources */ = {isa = PBXBuildFile; fileRef = 02C0917C2A00202F002E9A2B /* ExpensesTrackerOtpAuthApp.swift */; };
		02C0917F2A00202F002E9A2B /* ContentView.swift in Sources */ = {isa = PBXBuildFile; fileRef = 02C0917E2A00202F002E9A2B /* ContentView.swift */; };
		02C091812A002031002E9A2B /* Assets.xcassets in Resources */ = {isa = PBXBuildFile; fileRef = 02C091802A002031002E9A2B /* Assets.xcassets */; };
		02C091842A002031002E9A2B /* Preview Assets.xcassets in Resources */ = {isa = PBXBuildFile; fileRef = 02C091832A002031002E9A2B /* Preview Assets.xcassets */; };
		02C091862A002031002E9A2B /* Persistence.swift in Sources */ = {isa = PBXBuildFile; fileRef = 02C091852A002031002E9A2B /* Persistence.swift */; };
		02C091892A002031002E9A2B /* ExpensesTrackerOtpAuth.xcdatamodeld in Sources */ = {isa = PBXBuildFile; fileRef = 02C091872A002031002E9A2B /* ExpensesTrackerOtpAuth.xcdatamodeld */; };
		02C091912A002662002E9A2B /* Verification.swift in Sources */ = {isa = PBXBuildFile; fileRef = 02C091902A002662002E9A2B /* Verification.swift */; };
		02C091942A002AAA002E9A2B /* OtpViewModel.swift in Sources */ = {isa = PBXBuildFile; fileRef = 02C091932A002AAA002E9A2B /* OtpViewModel.swift */; };
		02C091962A00F36E002E9A2B /* GoogleService-Info.plist in Resources */ = {isa = PBXBuildFile; fileRef = 02C091952A00F36E002E9A2B /* GoogleService-Info.plist */; };
		02C0919A2A00F564002E9A2B /* FirebaseAuth in Frameworks */ = {isa = PBXBuildFile; productRef = 02C091992A00F564002E9A2B /* FirebaseAuth */; };
		02C0919C2A00FFC6002E9A2B /* LoginViewView.swift in Sources */ = {isa = PBXBuildFile; fileRef = 02C0919B2A00FFC6002E9A2B /* LoginViewView.swift */; };
/* End PBXBuildFile section */

/* Begin PBXFileReference section */
		0202A40F2A142D2800055DCC /* Model.swift */ = {isa = PBXFileReference; fileEncoding = 4; lastKnownFileType = sourcecode.swift; path = Model.swift; sourceTree = "<group>"; };
		0202A4112A142D3B00055DCC /* HomeChartView.swift */ = {isa = PBXFileReference; fileEncoding = 4; lastKnownFileType = sourcecode.swift; path = HomeChartView.swift; sourceTree = "<group>"; };
		0202A4122A142D3B00055DCC /* BarGraphView.swift */ = {isa = PBXFileReference; fileEncoding = 4; lastKnownFileType = sourcecode.swift; path = BarGraphView.swift; sourceTree = "<group>"; };
		027DB32A2A0829E000DD0D8B /* Tab.swift */ = {isa = PBXFileReference; fileEncoding = 4; lastKnownFileType = sourcecode.swift; path = Tab.swift; sourceTree = "<group>"; };
		027DB32B2A0829E000DD0D8B /* AnimatedIcons.swift */ = {isa = PBXFileReference; fileEncoding = 4; lastKnownFileType = sourcecode.swift; path = AnimatedIcons.swift; sourceTree = "<group>"; };
		027DB32E2A082A0300DD0D8B /* MainView.swift */ = {isa = PBXFileReference; fileEncoding = 4; lastKnownFileType = sourcecode.swift; path = MainView.swift; sourceTree = "<group>"; };
		027DB32F2A082A0400DD0D8B /* ResizableLottieView.swift */ = {isa = PBXFileReference; fileEncoding = 4; lastKnownFileType = sourcecode.swift; path = ResizableLottieView.swift; sourceTree = "<group>"; };
		027DB3332A082A8600DD0D8B /* hover-cog-1.json */ = {isa = PBXFileReference; fileEncoding = 4; lastKnownFileType = text.json; path = "hover-cog-1.json"; sourceTree = "<group>"; };
		027DB3342A082A8600DD0D8B /* hover-analytics.json */ = {isa = PBXFileReference; fileEncoding = 4; lastKnownFileType = text.json; path = "hover-analytics.json"; sourceTree = "<group>"; };
		027DB3352A082A8600DD0D8B /* hover-bell.json */ = {isa = PBXFileReference; fileEncoding = 4; lastKnownFileType = text.json; path = "hover-bell.json"; sourceTree = "<group>"; };
		027DB3362A082A8600DD0D8B /* hover-home-2-solid.json */ = {isa = PBXFileReference; fileEncoding = 4; lastKnownFileType = text.json; path = "hover-home-2-solid.json"; sourceTree = "<group>"; };
		027DB33B2A0838F400DD0D8B /* SousCompte.swift */ = {isa = PBXFileReference; fileEncoding = 4; lastKnownFileType = sourcecode.swift; path = SousCompte.swift; sourceTree = "<group>"; };
		027DB33D2A08390900DD0D8B /* TransactionViewModel.swift */ = {isa = PBXFileReference; fileEncoding = 4; lastKnownFileType = sourcecode.swift; path = TransactionViewModel.swift; sourceTree = "<group>"; };
		027DB33E2A08390900DD0D8B /* ExpenseViewModel.swift */ = {isa = PBXFileReference; fileEncoding = 4; lastKnownFileType = sourcecode.swift; path = ExpenseViewModel.swift; sourceTree = "<group>"; };
		027DB3432A08399700DD0D8B /* TransactionCarView.swift */ = {isa = PBXFileReference; fileEncoding = 4; lastKnownFileType = sourcecode.swift; path = TransactionCarView.swift; sourceTree = "<group>"; };
		027DB3442A08399700DD0D8B /* ReelTransactionView.swift */ = {isa = PBXFileReference; fileEncoding = 4; lastKnownFileType = sourcecode.swift; path = ReelTransactionView.swift; sourceTree = "<group>"; };
		027DB3452A08399700DD0D8B /* FilteredDetailView.swift */ = {isa = PBXFileReference; fileEncoding = 4; lastKnownFileType = sourcecode.swift; path = FilteredDetailView.swift; sourceTree = "<group>"; };
		027DB3462A08399700DD0D8B /* ListExpenseView.swift */ = {isa = PBXFileReference; fileEncoding = 4; lastKnownFileType = sourcecode.swift; path = ListExpenseView.swift; sourceTree = "<group>"; };
		027DB3472A08399700DD0D8B /* HomeTrackerView.swift */ = {isa = PBXFileReference; fileEncoding = 4; lastKnownFileType = sourcecode.swift; path = HomeTrackerView.swift; sourceTree = "<group>"; };
		027DB3482A08399700DD0D8B /* FormExpensesView.swift */ = {isa = PBXFileReference; fileEncoding = 4; lastKnownFileType = sourcecode.swift; path = FormExpensesView.swift; sourceTree = "<group>"; };
		027DB3492A08399700DD0D8B /* ExpenseCard.swift */ = {isa = PBXFileReference; fileEncoding = 4; lastKnownFileType = sourcecode.swift; path = ExpenseCard.swift; sourceTree = "<group>"; };
		027DB34A2A08399700DD0D8B /* GridBudgetView.swift */ = {isa = PBXFileReference; fileEncoding = 4; lastKnownFileType = sourcecode.swift; path = GridBudgetView.swift; sourceTree = "<group>"; };
		027DB34B2A08399700DD0D8B /* FabButtonComponent.swift */ = {isa = PBXFileReference; fileEncoding = 4; lastKnownFileType = sourcecode.swift; path = FabButtonComponent.swift; sourceTree = "<group>"; };
		027DB34C2A08399700DD0D8B /* NewExpenseView.swift */ = {isa = PBXFileReference; fileEncoding = 4; lastKnownFileType = sourcecode.swift; path = NewExpenseView.swift; sourceTree = "<group>"; };
		027DB34D2A08399700DD0D8B /* DetailsBudgetWithTransaction.swift */ = {isa = PBXFileReference; fileEncoding = 4; lastKnownFileType = sourcecode.swift; path = DetailsBudgetWithTransaction.swift; sourceTree = "<group>"; };
		02C091792A00202F002E9A2B /* ExpensesTrackerOtpAuth.app */ = {isa = PBXFileReference; explicitFileType = wrapper.application; includeInIndex = 0; path = ExpensesTrackerOtpAuth.app; sourceTree = BUILT_PRODUCTS_DIR; };
		02C0917C2A00202F002E9A2B /* ExpensesTrackerOtpAuthApp.swift */ = {isa = PBXFileReference; lastKnownFileType = sourcecode.swift; path = ExpensesTrackerOtpAuthApp.swift; sourceTree = "<group>"; };
		02C0917E2A00202F002E9A2B /* ContentView.swift */ = {isa = PBXFileReference; lastKnownFileType = sourcecode.swift; path = ContentView.swift; sourceTree = "<group>"; };
		02C091802A002031002E9A2B /* Assets.xcassets */ = {isa = PBXFileReference; lastKnownFileType = folder.assetcatalog; path = Assets.xcassets; sourceTree = "<group>"; };
		02C091832A002031002E9A2B /* Preview Assets.xcassets */ = {isa = PBXFileReference; lastKnownFileType = folder.assetcatalog; path = "Preview Assets.xcassets"; sourceTree = "<group>"; };
		02C091852A002031002E9A2B /* Persistence.swift */ = {isa = PBXFileReference; lastKnownFileType = sourcecode.swift; path = Persistence.swift; sourceTree = "<group>"; };
		02C091882A002031002E9A2B /* ExpensesTrackerOtpAuth.xcdatamodel */ = {isa = PBXFileReference; lastKnownFileType = wrapper.xcdatamodel; path = ExpensesTrackerOtpAuth.xcdatamodel; sourceTree = "<group>"; };
		02C091902A002662002E9A2B /* Verification.swift */ = {isa = PBXFileReference; lastKnownFileType = sourcecode.swift; path = Verification.swift; sourceTree = "<group>"; };
		02C091932A002AAA002E9A2B /* OtpViewModel.swift */ = {isa = PBXFileReference; lastKnownFileType = sourcecode.swift; path = OtpViewModel.swift; sourceTree = "<group>"; };
		02C091952A00F36E002E9A2B /* GoogleService-Info.plist */ = {isa = PBXFileReference; fileEncoding = 4; lastKnownFileType = text.plist.xml; path = "GoogleService-Info.plist"; sourceTree = "<group>"; };
		02C091972A00F3BB002E9A2B /* Info.plist */ = {isa = PBXFileReference; lastKnownFileType = text.plist; path = Info.plist; sourceTree = "<group>"; };
		02C0919B2A00FFC6002E9A2B /* LoginViewView.swift */ = {isa = PBXFileReference; lastKnownFileType = sourcecode.swift; path = LoginViewView.swift; sourceTree = "<group>"; };
/* End PBXFileReference section */

/* Begin PBXFrameworksBuildPhase section */
		02C091762A00202F002E9A2B /* Frameworks */ = {
			isa = PBXFrameworksBuildPhase;
			buildActionMask = 2147483647;
			files = (
				02C0919A2A00F564002E9A2B /* FirebaseAuth in Frameworks */,
				027DB3262A08287A00DD0D8B /* Lottie in Frameworks */,
			);
			runOnlyForDeploymentPostprocessing = 0;
		};
/* End PBXFrameworksBuildPhase section */

/* Begin PBXGroup section */
		0202A40E2A142CA200055DCC /* BarGraphsViews */ = {
			isa = PBXGroup;
			children = (
				0202A4122A142D3B00055DCC /* BarGraphView.swift */,
				0202A4112A142D3B00055DCC /* HomeChartView.swift */,
			);
			path = BarGraphsViews;
			sourceTree = "<group>";
		};
		027DB3292A0829CD00DD0D8B /* Model */ = {
			isa = PBXGroup;
			children = (
				0202A40F2A142D2800055DCC /* Model.swift */,
				027DB33B2A0838F400DD0D8B /* SousCompte.swift */,
				027DB32B2A0829E000DD0D8B /* AnimatedIcons.swift */,
				027DB32A2A0829E000DD0D8B /* Tab.swift */,
			);
			path = Model;
			sourceTree = "<group>";
		};
		027DB3322A082A7100DD0D8B /* TabIcons */ = {
			isa = PBXGroup;
			children = (
				027DB3342A082A8600DD0D8B /* hover-analytics.json */,
				027DB3352A082A8600DD0D8B /* hover-bell.json */,
				027DB3332A082A8600DD0D8B /* hover-cog-1.json */,
				027DB3362A082A8600DD0D8B /* hover-home-2-solid.json */,
			);
			path = TabIcons;
			sourceTree = "<group>";
		};
		027DB3422A08397A00DD0D8B /* ExpensesTrackerViews */ = {
			isa = PBXGroup;
			children = (
				027DB34D2A08399700DD0D8B /* DetailsBudgetWithTransaction.swift */,
				027DB3492A08399700DD0D8B /* ExpenseCard.swift */,
				027DB34B2A08399700DD0D8B /* FabButtonComponent.swift */,
				027DB3452A08399700DD0D8B /* FilteredDetailView.swift */,
				027DB3482A08399700DD0D8B /* FormExpensesView.swift */,
				027DB34A2A08399700DD0D8B /* GridBudgetView.swift */,
				027DB3472A08399700DD0D8B /* HomeTrackerView.swift */,
				027DB3462A08399700DD0D8B /* ListExpenseView.swift */,
				027DB34C2A08399700DD0D8B /* NewExpenseView.swift */,
				027DB3442A08399700DD0D8B /* ReelTransactionView.swift */,
				027DB3432A08399700DD0D8B /* TransactionCarView.swift */,
			);
			path = ExpensesTrackerViews;
			sourceTree = "<group>";
		};
		02C091702A00202F002E9A2B = {
			isa = PBXGroup;
			children = (
				027DB3322A082A7100DD0D8B /* TabIcons */,
				02C0917B2A00202F002E9A2B /* ExpensesTrackerOtpAuth */,
				02C0917A2A00202F002E9A2B /* Products */,
			);
			sourceTree = "<group>";
		};
		02C0917A2A00202F002E9A2B /* Products */ = {
			isa = PBXGroup;
			children = (
				02C091792A00202F002E9A2B /* ExpensesTrackerOtpAuth.app */,
			);
			name = Products;
			sourceTree = "<group>";
		};
		02C0917B2A00202F002E9A2B /* ExpensesTrackerOtpAuth */ = {
			isa = PBXGroup;
			children = (
				027DB3292A0829CD00DD0D8B /* Model */,
				02C091972A00F3BB002E9A2B /* Info.plist */,
				02C091952A00F36E002E9A2B /* GoogleService-Info.plist */,
				02C091922A002A8E002E9A2B /* ViewModel */,
				02C0918F2A002650002E9A2B /* Views */,
				02C0917C2A00202F002E9A2B /* ExpensesTrackerOtpAuthApp.swift */,
				02C0917E2A00202F002E9A2B /* ContentView.swift */,
				02C091802A002031002E9A2B /* Assets.xcassets */,
				02C091852A002031002E9A2B /* Persistence.swift */,
				02C091872A002031002E9A2B /* ExpensesTrackerOtpAuth.xcdatamodeld */,
				02C091822A002031002E9A2B /* Preview Content */,
			);
			path = ExpensesTrackerOtpAuth;
			sourceTree = "<group>";
		};
		02C091822A002031002E9A2B /* Preview Content */ = {
			isa = PBXGroup;
			children = (
				02C091832A002031002E9A2B /* Preview Assets.xcassets */,
			);
			path = "Preview Content";
			sourceTree = "<group>";
		};
		02C0918F2A002650002E9A2B /* Views */ = {
			isa = PBXGroup;
			children = (
				0202A40E2A142CA200055DCC /* BarGraphsViews */,
				027DB3422A08397A00DD0D8B /* ExpensesTrackerViews */,
				027DB32E2A082A0300DD0D8B /* MainView.swift */,
				027DB32F2A082A0400DD0D8B /* ResizableLottieView.swift */,
				02C091902A002662002E9A2B /* Verification.swift */,
				02C0919B2A00FFC6002E9A2B /* LoginViewView.swift */,
			);
			path = Views;
			sourceTree = "<group>";
		};
		02C091922A002A8E002E9A2B /* ViewModel */ = {
			isa = PBXGroup;
			children = (
				02C091932A002AAA002E9A2B /* OtpViewModel.swift */,
				027DB33E2A08390900DD0D8B /* ExpenseViewModel.swift */,
				027DB33D2A08390900DD0D8B /* TransactionViewModel.swift */,
			);
			path = ViewModel;
			sourceTree = "<group>";
		};
/* End PBXGroup section */

/* Begin PBXNativeTarget section */
		02C091782A00202F002E9A2B /* ExpensesTrackerOtpAuth */ = {
			isa = PBXNativeTarget;
			buildConfigurationList = 02C0918C2A002031002E9A2B /* Build configuration list for PBXNativeTarget "ExpensesTrackerOtpAuth" */;
			buildPhases = (
				02C091752A00202F002E9A2B /* Sources */,
				02C091762A00202F002E9A2B /* Frameworks */,
				02C091772A00202F002E9A2B /* Resources */,
			);
			buildRules = (
			);
			dependencies = (
			);
			name = ExpensesTrackerOtpAuth;
			packageProductDependencies = (
				02C091992A00F564002E9A2B /* FirebaseAuth */,
				027DB3252A08287A00DD0D8B /* Lottie */,
			);
			productName = ExpensesTrackerOtpAuth;
			productReference = 02C091792A00202F002E9A2B /* ExpensesTrackerOtpAuth.app */;
			productType = "com.apple.product-type.application";
		};
/* End PBXNativeTarget section */

/* Begin PBXProject section */
		02C091712A00202F002E9A2B /* Project object */ = {
			isa = PBXProject;
			attributes = {
				BuildIndependentTargetsInParallel = 1;
				LastSwiftUpdateCheck = 1420;
				LastUpgradeCheck = 1420;
				TargetAttributes = {
					02C091782A00202F002E9A2B = {
						CreatedOnToolsVersion = 14.2;
					};
				};
			};
			buildConfigurationList = 02C091742A00202F002E9A2B /* Build configuration list for PBXProject "ExpensesTrackerOtpAuth" */;
			compatibilityVersion = "Xcode 14.0";
			developmentRegion = en;
			hasScannedForEncodings = 0;
			knownRegions = (
				en,
				Base,
			);
			mainGroup = 02C091702A00202F002E9A2B;
			packageReferences = (
				02C091982A00F564002E9A2B /* XCRemoteSwiftPackageReference "firebase-ios-sdk" */,
				027DB3242A08287A00DD0D8B /* XCRemoteSwiftPackageReference "lottie-ios" */,
			);
			productRefGroup = 02C0917A2A00202F002E9A2B /* Products */;
			projectDirPath = "";
			projectRoot = "";
			targets = (
				02C091782A00202F002E9A2B /* ExpensesTrackerOtpAuth */,
			);
		};
/* End PBXProject section */

/* Begin PBXResourcesBuildPhase section */
		02C091772A00202F002E9A2B /* Resources */ = {
			isa = PBXResourcesBuildPhase;
			buildActionMask = 2147483647;
			files = (
				027DB3372A082A8700DD0D8B /* hover-cog-1.json in Resources */,
				02C091842A002031002E9A2B /* Preview Assets.xcassets in Resources */,
				02C091962A00F36E002E9A2B /* GoogleService-Info.plist in Resources */,
				027DB3382A082A8700DD0D8B /* hover-analytics.json in Resources */,
				02C091812A002031002E9A2B /* Assets.xcassets in Resources */,
				027DB33A2A082A8700DD0D8B /* hover-home-2-solid.json in Resources */,
				027DB3392A082A8700DD0D8B /* hover-bell.json in Resources */,
			);
			runOnlyForDeploymentPostprocessing = 0;
		};
/* End PBXResourcesBuildPhase section */

/* Begin PBXSourcesBuildPhase section */
		02C091752A00202F002E9A2B /* Sources */ = {
			isa = PBXSourcesBuildPhase;
			buildActionMask = 2147483647;
			files = (
				027DB33F2A08390900DD0D8B /* TransactionViewModel.swift in Sources */,
				02C091942A002AAA002E9A2B /* OtpViewModel.swift in Sources */,
				02C0919C2A00FFC6002E9A2B /* LoginViewView.swift in Sources */,
				0202A4132A142D3B00055DCC /* HomeChartView.swift in Sources */,
				027DB3402A08390900DD0D8B /* ExpenseViewModel.swift in Sources */,
				027DB3562A08399700DD0D8B /* FabButtonComponent.swift in Sources */,
				027DB3582A08399700DD0D8B /* DetailsBudgetWithTransaction.swift in Sources */,
				027DB34E2A08399700DD0D8B /* TransactionCarView.swift in Sources */,
				027DB3512A08399700DD0D8B /* ListExpenseView.swift in Sources */,
				02C091912A002662002E9A2B /* Verification.swift in Sources */,
				027DB3302A082A0400DD0D8B /* MainView.swift in Sources */,
				027DB32C2A0829E000DD0D8B /* Tab.swift in Sources */,
				027DB3552A08399700DD0D8B /* GridBudgetView.swift in Sources */,
				027DB3522A08399700DD0D8B /* HomeTrackerView.swift in Sources */,
				02C091862A002031002E9A2B /* Persistence.swift in Sources */,
				027DB3312A082A0400DD0D8B /* ResizableLottieView.swift in Sources */,
				027DB3542A08399700DD0D8B /* ExpenseCard.swift in Sources */,
				02C0917F2A00202F002E9A2B /* ContentView.swift in Sources */,
				027DB32D2A0829E000DD0D8B /* AnimatedIcons.swift in Sources */,
				027DB33C2A0838F400DD0D8B /* SousCompte.swift in Sources */,
				0202A4102A142D2800055DCC /* Model.swift in Sources */,
				027DB34F2A08399700DD0D8B /* ReelTransactionView.swift in Sources */,
				02C0917D2A00202F002E9A2B /* ExpensesTrackerOtpAuthApp.swift in Sources */,
				0202A4142A142D3B00055DCC /* BarGraphView.swift in Sources */,
				027DB3572A08399700DD0D8B /* NewExpenseView.swift in Sources */,
				027DB3502A08399700DD0D8B /* FilteredDetailView.swift in Sources */,
				02C091892A002031002E9A2B /* ExpensesTrackerOtpAuth.xcdatamodeld in Sources */,
				027DB3532A08399700DD0D8B /* FormExpensesView.swift in Sources */,
			);
			runOnlyForDeploymentPostprocessing = 0;
		};
/* End PBXSourcesBuildPhase section */

/* Begin XCBuildConfiguration section */
		02C0918A2A002031002E9A2B /* Debug */ = {
			isa = XCBuildConfiguration;
			buildSettings = {
				ALWAYS_SEARCH_USER_PATHS = NO;
				CLANG_ANALYZER_NONNULL = YES;
				CLANG_ANALYZER_NUMBER_OBJECT_CONVERSION = YES_AGGRESSIVE;
				CLANG_CXX_LANGUAGE_STANDARD = "gnu++20";
				CLANG_ENABLE_MODULES = YES;
				CLANG_ENABLE_OBJC_ARC = YES;
				CLANG_ENABLE_OBJC_WEAK = YES;
				CLANG_WARN_BLOCK_CAPTURE_AUTORELEASING = YES;
				CLANG_WARN_BOOL_CONVERSION = YES;
				CLANG_WARN_COMMA = YES;
				CLANG_WARN_CONSTANT_CONVERSION = YES;
				CLANG_WARN_DEPRECATED_OBJC_IMPLEMENTATIONS = YES;
				CLANG_WARN_DIRECT_OBJC_ISA_USAGE = YES_ERROR;
				CLANG_WARN_DOCUMENTATION_COMMENTS = YES;
				CLANG_WARN_EMPTY_BODY = YES;
				CLANG_WARN_ENUM_CONVERSION = YES;
				CLANG_WARN_INFINITE_RECURSION = YES;
				CLANG_WARN_INT_CONVERSION = YES;
				CLANG_WARN_NON_LITERAL_NULL_CONVERSION = YES;
				CLANG_WARN_OBJC_IMPLICIT_RETAIN_SELF = YES;
				CLANG_WARN_OBJC_LITERAL_CONVERSION = YES;
				CLANG_WARN_OBJC_ROOT_CLASS = YES_ERROR;
				CLANG_WARN_QUOTED_INCLUDE_IN_FRAMEWORK_HEADER = YES;
				CLANG_WARN_RANGE_LOOP_ANALYSIS = YES;
				CLANG_WARN_STRICT_PROTOTYPES = YES;
				CLANG_WARN_SUSPICIOUS_MOVE = YES;
				CLANG_WARN_UNGUARDED_AVAILABILITY = YES_AGGRESSIVE;
				CLANG_WARN_UNREACHABLE_CODE = YES;
				CLANG_WARN__DUPLICATE_METHOD_MATCH = YES;
				COPY_PHASE_STRIP = NO;
				DEBUG_INFORMATION_FORMAT = dwarf;
				ENABLE_STRICT_OBJC_MSGSEND = YES;
				ENABLE_TESTABILITY = YES;
				GCC_C_LANGUAGE_STANDARD = gnu11;
				GCC_DYNAMIC_NO_PIC = NO;
				GCC_NO_COMMON_BLOCKS = YES;
				GCC_OPTIMIZATION_LEVEL = 0;
				GCC_PREPROCESSOR_DEFINITIONS = (
					"DEBUG=1",
					"$(inherited)",
				);
				GCC_WARN_64_TO_32_BIT_CONVERSION = YES;
				GCC_WARN_ABOUT_RETURN_TYPE = YES_ERROR;
				GCC_WARN_UNDECLARED_SELECTOR = YES;
				GCC_WARN_UNINITIALIZED_AUTOS = YES_AGGRESSIVE;
				GCC_WARN_UNUSED_FUNCTION = YES;
				GCC_WARN_UNUSED_VARIABLE = YES;
				IPHONEOS_DEPLOYMENT_TARGET = 16.2;
				MTL_ENABLE_DEBUG_INFO = INCLUDE_SOURCE;
				MTL_FAST_MATH = YES;
				ONLY_ACTIVE_ARCH = YES;
				SDKROOT = iphoneos;
				SWIFT_ACTIVE_COMPILATION_CONDITIONS = DEBUG;
				SWIFT_OPTIMIZATION_LEVEL = "-Onone";
			};
			name = Debug;
		};
		02C0918B2A002031002E9A2B /* Release */ = {
			isa = XCBuildConfiguration;
			buildSettings = {
				ALWAYS_SEARCH_USER_PATHS = NO;
				CLANG_ANALYZER_NONNULL = YES;
				CLANG_ANALYZER_NUMBER_OBJECT_CONVERSION = YES_AGGRESSIVE;
				CLANG_CXX_LANGUAGE_STANDARD = "gnu++20";
				CLANG_ENABLE_MODULES = YES;
				CLANG_ENABLE_OBJC_ARC = YES;
				CLANG_ENABLE_OBJC_WEAK = YES;
				CLANG_WARN_BLOCK_CAPTURE_AUTORELEASING = YES;
				CLANG_WARN_BOOL_CONVERSION = YES;
				CLANG_WARN_COMMA = YES;
				CLANG_WARN_CONSTANT_CONVERSION = YES;
				CLANG_WARN_DEPRECATED_OBJC_IMPLEMENTATIONS = YES;
				CLANG_WARN_DIRECT_OBJC_ISA_USAGE = YES_ERROR;
				CLANG_WARN_DOCUMENTATION_COMMENTS = YES;
				CLANG_WARN_EMPTY_BODY = YES;
				CLANG_WARN_ENUM_CONVERSION = YES;
				CLANG_WARN_INFINITE_RECURSION = YES;
				CLANG_WARN_INT_CONVERSION = YES;
				CLANG_WARN_NON_LITERAL_NULL_CONVERSION = YES;
				CLANG_WARN_OBJC_IMPLICIT_RETAIN_SELF = YES;
				CLANG_WARN_OBJC_LITERAL_CONVERSION = YES;
				CLANG_WARN_OBJC_ROOT_CLASS = YES_ERROR;
				CLANG_WARN_QUOTED_INCLUDE_IN_FRAMEWORK_HEADER = YES;
				CLANG_WARN_RANGE_LOOP_ANALYSIS = YES;
				CLANG_WARN_STRICT_PROTOTYPES = YES;
				CLANG_WARN_SUSPICIOUS_MOVE = YES;
				CLANG_WARN_UNGUARDED_AVAILABILITY = YES_AGGRESSIVE;
				CLANG_WARN_UNREACHABLE_CODE = YES;
				CLANG_WARN__DUPLICATE_METHOD_MATCH = YES;
				COPY_PHASE_STRIP = NO;
				DEBUG_INFORMATION_FORMAT = "dwarf-with-dsym";
				ENABLE_NS_ASSERTIONS = NO;
				ENABLE_STRICT_OBJC_MSGSEND = YES;
				GCC_C_LANGUAGE_STANDARD = gnu11;
				GCC_NO_COMMON_BLOCKS = YES;
				GCC_WARN_64_TO_32_BIT_CONVERSION = YES;
				GCC_WARN_ABOUT_RETURN_TYPE = YES_ERROR;
				GCC_WARN_UNDECLARED_SELECTOR = YES;
				GCC_WARN_UNINITIALIZED_AUTOS = YES_AGGRESSIVE;
				GCC_WARN_UNUSED_FUNCTION = YES;
				GCC_WARN_UNUSED_VARIABLE = YES;
				IPHONEOS_DEPLOYMENT_TARGET = 16.2;
				MTL_ENABLE_DEBUG_INFO = NO;
				MTL_FAST_MATH = YES;
				SDKROOT = iphoneos;
				SWIFT_COMPILATION_MODE = wholemodule;
				SWIFT_OPTIMIZATION_LEVEL = "-O";
				VALIDATE_PRODUCT = YES;
			};
			name = Release;
		};
		02C0918D2A002031002E9A2B /* Debug */ = {
			isa = XCBuildConfiguration;
			buildSettings = {
				ASSETCATALOG_COMPILER_APPICON_NAME = AppIcon;
				ASSETCATALOG_COMPILER_GLOBAL_ACCENT_COLOR_NAME = AccentColor;
				CODE_SIGN_STYLE = Automatic;
				CURRENT_PROJECT_VERSION = 1;
				DEVELOPMENT_ASSET_PATHS = "\"ExpensesTrackerOtpAuth/Preview Content\"";
				DEVELOPMENT_TEAM = A5L3S3UN63;
				ENABLE_PREVIEWS = YES;
				GENERATE_INFOPLIST_FILE = YES;
				INFOPLIST_FILE = ExpensesTrackerOtpAuth/Info.plist;
				INFOPLIST_KEY_UIApplicationSceneManifest_Generation = YES;
				INFOPLIST_KEY_UIApplicationSupportsIndirectInputEvents = YES;
				INFOPLIST_KEY_UILaunchScreen_Generation = YES;
				INFOPLIST_KEY_UISupportedInterfaceOrientations_iPad = "UIInterfaceOrientationPortrait UIInterfaceOrientationPortraitUpsideDown UIInterfaceOrientationLandscapeLeft UIInterfaceOrientationLandscapeRight";
				INFOPLIST_KEY_UISupportedInterfaceOrientations_iPhone = "UIInterfaceOrientationPortrait UIInterfaceOrientationLandscapeLeft UIInterfaceOrientationLandscapeRight";
				LD_RUNPATH_SEARCH_PATHS = (
					"$(inherited)",
					"@executable_path/Frameworks",
				);
				MARKETING_VERSION = 1.0;
				PRODUCT_BUNDLE_IDENTIFIER = com.sonatel.ExpensesTrackerOtpAuth;
				PRODUCT_NAME = "$(TARGET_NAME)";
				SWIFT_EMIT_LOC_STRINGS = YES;
				SWIFT_VERSION = 5.0;
				TARGETED_DEVICE_FAMILY = "1,2";
			};
			name = Debug;
		};
		02C0918E2A002031002E9A2B /* Release */ = {
			isa = XCBuildConfiguration;
			buildSettings = {
				ASSETCATALOG_COMPILER_APPICON_NAME = AppIcon;
				ASSETCATALOG_COMPILER_GLOBAL_ACCENT_COLOR_NAME = AccentColor;
				CODE_SIGN_STYLE = Automatic;
				CURRENT_PROJECT_VERSION = 1;
				DEVELOPMENT_ASSET_PATHS = "\"ExpensesTrackerOtpAuth/Preview Content\"";
				DEVELOPMENT_TEAM = A5L3S3UN63;
				ENABLE_PREVIEWS = YES;
				GENERATE_INFOPLIST_FILE = YES;
				INFOPLIST_FILE = ExpensesTrackerOtpAuth/Info.plist;
				INFOPLIST_KEY_UIApplicationSceneManifest_Generation = YES;
				INFOPLIST_KEY_UIApplicationSupportsIndirectInputEvents = YES;
				INFOPLIST_KEY_UILaunchScreen_Generation = YES;
				INFOPLIST_KEY_UISupportedInterfaceOrientations_iPad = "UIInterfaceOrientationPortrait UIInterfaceOrientationPortraitUpsideDown UIInterfaceOrientationLandscapeLeft UIInterfaceOrientationLandscapeRight";
				INFOPLIST_KEY_UISupportedInterfaceOrientations_iPhone = "UIInterfaceOrientationPortrait UIInterfaceOrientationLandscapeLeft UIInterfaceOrientationLandscapeRight";
				LD_RUNPATH_SEARCH_PATHS = (
					"$(inherited)",
					"@executable_path/Frameworks",
				);
				MARKETING_VERSION = 1.0;
				PRODUCT_BUNDLE_IDENTIFIER = com.sonatel.ExpensesTrackerOtpAuth;
				PRODUCT_NAME = "$(TARGET_NAME)";
				SWIFT_EMIT_LOC_STRINGS = YES;
				SWIFT_VERSION = 5.0;
				TARGETED_DEVICE_FAMILY = "1,2";
			};
			name = Release;
		};
/* End XCBuildConfiguration section */

/* Begin XCConfigurationList section */
		02C091742A00202F002E9A2B /* Build configuration list for PBXProject "ExpensesTrackerOtpAuth" */ = {
			isa = XCConfigurationList;
			buildConfigurations = (
				02C0918A2A002031002E9A2B /* Debug */,
				02C0918B2A002031002E9A2B /* Release */,
			);
			defaultConfigurationIsVisible = 0;
			defaultConfigurationName = Release;
		};
		02C0918C2A002031002E9A2B /* Build configuration list for PBXNativeTarget "ExpensesTrackerOtpAuth" */ = {
			isa = XCConfigurationList;
			buildConfigurations = (
				02C0918D2A002031002E9A2B /* Debug */,
				02C0918E2A002031002E9A2B /* Release */,
			);
			defaultConfigurationIsVisible = 0;
			defaultConfigurationName = Release;
		};
/* End XCConfigurationList section */

/* Begin XCRemoteSwiftPackageReference section */
		027DB3242A08287A00DD0D8B /* XCRemoteSwiftPackageReference "lottie-ios" */ = {
			isa = XCRemoteSwiftPackageReference;
			repositoryURL = "https://github.com/airbnb/lottie-ios";
			requirement = {
				kind = upToNextMajorVersion;
				minimumVersion = 4.0.0;
			};
		};
		02C091982A00F564002E9A2B /* XCRemoteSwiftPackageReference "firebase-ios-sdk" */ = {
			isa = XCRemoteSwiftPackageReference;
			repositoryURL = "https://github.com/firebase/firebase-ios-sdk";
			requirement = {
				kind = upToNextMajorVersion;
				minimumVersion = 9.0.0;
			};
		};
/* End XCRemoteSwiftPackageReference section */

/* Begin XCSwiftPackageProductDependency section */
		027DB3252A08287A00DD0D8B /* Lottie */ = {
			isa = XCSwiftPackageProductDependency;
			package = 027DB3242A08287A00DD0D8B /* XCRemoteSwiftPackageReference "lottie-ios" */;
			productName = Lottie;
		};
		02C091992A00F564002E9A2B /* FirebaseAuth */ = {
			isa = XCSwiftPackageProductDependency;
			package = 02C091982A00F564002E9A2B /* XCRemoteSwiftPackageReference "firebase-ios-sdk" */;
			productName = FirebaseAuth;
		};
/* End XCSwiftPackageProductDependency section */

/* Begin XCVersionGroup section */
		02C091872A002031002E9A2B /* ExpensesTrackerOtpAuth.xcdatamodeld */ = {
			isa = XCVersionGroup;
			children = (
				02C091882A002031002E9A2B /* ExpensesTrackerOtpAuth.xcdatamodel */,
			);
			currentVersion = 02C091882A002031002E9A2B /* ExpensesTrackerOtpAuth.xcdatamodel */;
			path = ExpensesTrackerOtpAuth.xcdatamodeld;
			sourceTree = "<group>";
			versionGroupType = wrapper.xcdatamodel;
		};
/* End XCVersionGroup section */
	};
	rootObject = 02C091712A00202F002E9A2B /* Project object */;
}
